
Microsoft Visual Studio Solution File, Format Version 12.00
# Visual Studio Version 17
VisualStudioVersion = 17.6.33815.320
MinimumVisualStudioVersion = 10.0.40219.1
Project("{9A19103F-16F7-4668-BE54-9A1E7A4F7556}") = "LifeDesignerOnAvalonia", "LifeDesignerOnAvalonia\LifeDesignerOnAvalonia.csproj", "{EAA1795D-F7E8-4D48-B762-6A3AABB8F63E}"
EndProject
Project("{9A19103F-16F7-4668-BE54-9A1E7A4F7556}") = "LifeDesignerOnAvalonia.Desktop", "LifeDesignerOnAvalonia.Desktop\LifeDesignerOnAvalonia.Desktop.csproj", "{0A6F6ADD-45DC-4319-A5D6-551C88F86AB9}"
EndProject
Global
	GlobalSection(SolutionConfigurationPlatforms) = preSolution
		Debug|Any CPU = Debug|Any CPU
		Release|Any CPU = Release|Any CPU
	EndGlobalSection
	GlobalSection(ProjectConfigurationPlatforms) = postSolution
		{EAA1795D-F7E8-4D48-B762-6A3AABB8F63E}.Debug|Any CPU.ActiveCfg = Debug|Any CPU
		{EAA1795D-F7E8-4D48-B762-6A3AABB8F63E}.Debug|Any CPU.Build.0 = Debug|Any CPU
		{EAA1795D-F7E8-4D48-B762-6A3AABB8F63E}.Release|Any CPU.ActiveCfg = Release|Any CPU
		{EAA1795D-F7E8-4D48-B762-6A3AABB8F63E}.Release|Any CPU.Build.0 = Release|Any CPU
		{0A6F6ADD-45DC-4319-A5D6-551C88F86AB9}.Debug|Any CPU.ActiveCfg = Debug|Any CPU
		{0A6F6ADD-45DC-4319-A5D6-551C88F86AB9}.Debug|Any CPU.Build.0 = Debug|Any CPU
		{0A6F6ADD-45DC-4319-A5D6-551C88F86AB9}.Release|Any CPU.ActiveCfg = Release|Any CPU
		{0A6F6ADD-45DC-4319-A5D6-551C88F86AB9}.Release|Any CPU.Build.0 = Release|Any CPU
	EndGlobalSection
	GlobalSection(SolutionProperties) = preSolution
		HideSolutionNode = FALSE
	EndGlobalSection
	GlobalSection(ExtensibilityGlobals) = postSolution
		SolutionGuid = {0556FD28-0BD9-421B-8EE1-01670743736D}
	EndGlobalSection
EndGlobal
